
Microsoft Visual Studio Solution File, Format Version 12.00
# Visual Studio Version 16
VisualStudioVersion = 16.0.29926.136
MinimumVisualStudioVersion = 10.0.40219.1
Project("{8BC9CEB8-8B4A-11D0-8D11-00A0C91BC942}") = "Game", "Game\Game.vcxproj", "{313175FA-536A-41C0-8595-0AB0EC0C10B1}"
EndProject
Project("{8BC9CEB8-8B4A-11D0-8D11-00A0C91BC942}") = "Engine", "Engine\Engine.vcxproj", "{258BB848-1830-43CA-9BDB-C5CBC472A646}"
EndProject
Global
	GlobalSection(SolutionConfigurationPlatforms) = preSolution
		Debug|x64 = Debug|x64
		Debug|x86 = Debug|x86
		Release|x64 = Release|x64
		Release|x86 = Release|x86
	EndGlobalSection
	GlobalSection(ProjectConfigurationPlatforms) = postSolution
		{313175FA-536A-41C0-8595-0AB0EC0C10B1}.Debug|x64.ActiveCfg = Debug|x64
		{313175FA-536A-41C0-8595-0AB0EC0C10B1}.Debug|x64.Build.0 = Debug|x64
		{313175FA-536A-41C0-8595-0AB0EC0C10B1}.Debug|x86.ActiveCfg = Debug|Win32
		{313175FA-536A-41C0-8595-0AB0EC0C10B1}.Debug|x86.Build.0 = Debug|Win32
		{313175FA-536A-41C0-8595-0AB0EC0C10B1}.Release|x64.ActiveCfg = Release|x64
		{313175FA-536A-41C0-8595-0AB0EC0C10B1}.Release|x64.Build.0 = Release|x64
		{313175FA-536A-41C0-8595-0AB0EC0C10B1}.Release|x86.ActiveCfg = Release|Win32
		{313175FA-536A-41C0-8595-0AB0EC0C10B1}.Release|x86.Build.0 = Release|Win32
		{258BB848-1830-43CA-9BDB-C5CBC472A646}.Debug|x64.ActiveCfg = Debug|x64
		{258BB848-1830-43CA-9BDB-C5CBC472A646}.Debug|x64.Build.0 = Debug|x64
		{258BB848-1830-43CA-9BDB-C5CBC472A646}.Debug|x86.ActiveCfg = Debug|Win32
		{258BB848-1830-43CA-9BDB-C5CBC472A646}.Debug|x86.Build.0 = Debug|Win32
		{258BB848-1830-43CA-9BDB-C5CBC472A646}.Release|x64.ActiveCfg = Release|x64
		{258BB848-1830-43CA-9BDB-C5CBC472A646}.Release|x64.Build.0 = Release|x64
		{258BB848-1830-43CA-9BDB-C5CBC472A646}.Release|x86.ActiveCfg = Release|Win32
		{258BB848-1830-43CA-9BDB-C5CBC472A646}.Release|x86.Build.0 = Release|Win32
	EndGlobalSection
	GlobalSection(SolutionProperties) = preSolution
		HideSolutionNode = FALSE
	EndGlobalSection
	GlobalSection(ExtensibilityGlobals) = postSolution
		SolutionGuid = {F6CE663F-5E50-493F-8F49-83A4DDF24784}
	EndGlobalSection
EndGlobal
